# This is a Gradle generated file for dependency locking.
# Manual edits can break the build and are not advised.
# This file is expected to be part of source control.
androidx.annotation:annotation-js:1.9.1=jsNpmAggregated,jsRuntimeClasspath,jsTestNpmAggregated,jsTestRuntimeClasspath
androidx.annotation:annotation:1.9.1=allSourceSetsCompileDependenciesMetadata,allTestSourceSetsCompileDependenciesMetadata,commonTestResolvableDependenciesMetadata,jsMainResolvableDependenciesMetadata,jsNpmAggregated,jsRuntimeClasspath,jsTestNpmAggregated,jsTestResolvableDependenciesMetadata,jsTestRuntimeClasspath,webTestResolvableDependenciesMetadata
androidx.collection:collection-js:1.5.0=jsNpmAggregated,jsRuntimeClasspath,jsTestNpmAggregated,jsTestRuntimeClasspath
androidx.collection:collection:1.5.0=allSourceSetsCompileDependenciesMetadata,allTestSourceSetsCompileDependenciesMetadata,commonTestResolvableDependenciesMetadata,jsMainResolvableDependenciesMetadata,jsNpmAggregated,jsRuntimeClasspath,jsTestNpmAggregated,jsTestResolvableDependenciesMetadata,jsTestRuntimeClasspath,webTestResolvableDependenciesMetadata
androidx.compose.runtime:runtime-annotation-js:1.11.0-beta02=jsCompileClasspath,jsNpmAggregated,jsRuntimeClasspath,jsTestCompileClasspath,jsTestNpmAggregated,jsTestRuntimeClasspath
androidx.compose.runtime:runtime-annotation:1.11.0-beta02=allSourceSetsCompileDependenciesMetadata,allTestSourceSetsCompileDependenciesMetadata,commonTestResolvableDependenciesMetadata,jsCompileClasspath,jsMainResolvableDependenciesMetadata,jsNpmAggregated,jsRuntimeClasspath,jsTestCompileClasspath,jsTestNpmAggregated,jsTestResolvableDependenciesMetadata,jsTestRuntimeClasspath,webTestResolvableDependenciesMetadata
androidx.compose.runtime:runtime-js:1.11.0-beta02=jsCompileClasspath,jsNpmAggregated,jsRuntimeClasspath,jsTestCompileClasspath,jsTestNpmAggregated,jsTestRuntimeClasspath
androidx.compose.runtime:runtime:1.11.0-beta02=allSourceSetsCompileDependenciesMetadata,allTestSourceSetsCompileDependenciesMetadata,commonTestResolvableDependenciesMetadata,jsCompileClasspath,jsMainResolvableDependenciesMetadata,jsNpmAggregated,jsRuntimeClasspath,jsTestCompileClasspath,jsTestNpmAggregated,jsTestResolvableDependenciesMetadata,jsTestRuntimeClasspath,webTestResolvableDependenciesMetadata
app.cash.molecule:molecule-runtime-js:2.2.0=jsCompileClasspath,jsRuntimeClasspath,jsTestCompileClasspath,jsTestRuntimeClasspath
app.cash.molecule:molecule-runtime:2.2.0=allSourceSetsCompileDependenciesMetadata,allTestSourceSetsCompileDependenciesMetadata,commonTestResolvableDependenciesMetadata,jsCompileClasspath,jsMainResolvableDependenciesMetadata,jsRuntimeClasspath,jsTestCompileClasspath,jsTestResolvableDependenciesMetadata,jsTestRuntimeClasspath,webTestResolvableDependenciesMetadata
app.softwork:routing-compose-js:0.5.0=jsCompileClasspath,jsNpmAggregated,jsRuntimeClasspath,jsTestCompileClasspath,jsTestNpmAggregated,jsTestRuntimeClasspath
app.softwork:routing-compose:0.5.0=allSourceSetsCompileDependenciesMetadata,allTestSourceSetsCompileDependenciesMetadata,commonTestResolvableDependenciesMetadata,jsCompileClasspath,jsMainResolvableDependenciesMetadata,jsNpmAggregated,jsRuntimeClasspath,jsTestCompileClasspath,jsTestNpmAggregated,jsTestResolvableDependenciesMetadata,jsTestRuntimeClasspath,webTestResolvableDependenciesMetadata
dev.drewhamilton.poko:poko-annotations-js:0.22.0=jsRuntimeClasspath,jsTestRuntimeClasspath
dev.drewhamilton.poko:poko-annotations:0.22.0=allSourceSetsCompileDependenciesMetadata,allTestSourceSetsCompileDependenciesMetadata,commonTestResolvableDependenciesMetadata,jsMainResolvableDependenciesMetadata,jsRuntimeClasspath,jsTestResolvableDependenciesMetadata,jsTestRuntimeClasspath,webTestResolvableDependenciesMetadata
dev.zacsweers.metro:compiler:0.13.2=kotlinCompilerPluginClasspathJsMain,kotlinCompilerPluginClasspathJsTest,kotlinCompilerPluginClasspathMetadataMain
dev.zacsweers.metro:runtime-js:0.13.2=jsCompileClasspath,jsNpmAggregated,jsRuntimeClasspath,jsTestCompileClasspath,jsTestNpmAggregated,jsTestRuntimeClasspath
dev.zacsweers.metro:runtime:0.13.2=allSourceSetsCompileDependenciesMetadata,allTestSourceSetsCompileDependenciesMetadata,commonMainResolvableDependenciesMetadata,commonTestResolvableDependenciesMetadata,jsCompileClasspath,jsMainResolvableDependenciesMetadata,jsNpmAggregated,jsRuntimeClasspath,jsTestCompileClasspath,jsTestNpmAggregated,jsTestResolvableDependenciesMetadata,jsTestRuntimeClasspath,metadataCompileClasspath,webMainResolvableDependenciesMetadata,webTestResolvableDependenciesMetadata
dev.zacsweers.redacted:redacted-compiler-plugin-annotations-js:1.16.0=jsRuntimeClasspath,jsTestRuntimeClasspath
dev.zacsweers.redacted:redacted-compiler-plugin-annotations:1.16.0=allSourceSetsCompileDependenciesMetadata,allTestSourceSetsCompileDependenciesMetadata,commonTestResolvableDependenciesMetadata,jsMainResolvableDependenciesMetadata,jsRuntimeClasspath,jsTestResolvableDependenciesMetadata,jsTestRuntimeClasspath,webTestResolvableDependenciesMetadata
io.github.java-diff-utils:java-diff-utils:4.12=kotlinInternalAbiValidation
io.github.turansky.seskar:seskar-core-js:4.40.0=jsNpmAggregated,jsRuntimeClasspath,jsTestNpmAggregated,jsTestRuntimeClasspath
io.github.turansky.seskar:seskar-core:4.40.0=jsNpmAggregated,jsRuntimeClasspath,jsTestNpmAggregated,jsTestRuntimeClasspath
io.ktor:ktor-client-content-negotiation-js:3.4.2=jsRuntimeClasspath,jsTestRuntimeClasspath
io.ktor:ktor-client-content-negotiation:3.4.2=allSourceSetsCompileDependenciesMetadata,allTestSourceSetsCompileDependenciesMetadata,commonTestResolvableDependenciesMetadata,jsMainResolvableDependenciesMetadata,jsRuntimeClasspath,jsTestResolvableDependenciesMetadata,jsTestRuntimeClasspath,webTestResolvableDependenciesMetadata
io.ktor:ktor-client-core-js:3.4.2=jsCompileClasspath,jsNpmAggregated,jsRuntimeClasspath,jsTestCompileClasspath,jsTestNpmAggregated,jsTestRuntimeClasspath
io.ktor:ktor-client-core:3.4.2=allSourceSetsCompileDependenciesMetadata,allTestSourceSetsCompileDependenciesMetadata,commonTestResolvableDependenciesMetadata,jsCompileClasspath,jsMainResolvableDependenciesMetadata,jsNpmAggregated,jsRuntimeClasspath,jsTestCompileClasspath,jsTestNpmAggregated,jsTestResolvableDependenciesMetadata,jsTestRuntimeClasspath,webTestResolvableDependenciesMetadata
io.ktor:ktor-client-darwin:3.4.2=allSourceSetsCompileDependenciesMetadata,allTestSourceSetsCompileDependenciesMetadata,commonTestResolvableDependenciesMetadata,jsMainResolvableDependenciesMetadata,jsTestResolvableDependenciesMetadata,webTestResolvableDependenciesMetadata
io.ktor:ktor-client-js-js:3.4.2=jsCompileClasspath,jsNpmAggregated,jsRuntimeClasspath,jsTestCompileClasspath,jsTestNpmAggregated,jsTestRuntimeClasspath
io.ktor:ktor-client-js:3.4.2=allSourceSetsCompileDependenciesMetadata,allTestSourceSetsCompileDependenciesMetadata,commonTestResolvableDependenciesMetadata,jsCompileClasspath,jsMainResolvableDependenciesMetadata,jsNpmAggregated,jsRuntimeClasspath,jsTestCompileClasspath,jsTestNpmAggregated,jsTestResolvableDependenciesMetadata,jsTestRuntimeClasspath,webTestResolvableDependenciesMetadata
io.ktor:ktor-client-logging-js:3.4.2=jsRuntimeClasspath,jsTestRuntimeClasspath
io.ktor:ktor-client-logging:3.4.2=allSourceSetsCompileDependenciesMetadata,allTestSourceSetsCompileDependenciesMetadata,commonTestResolvableDependenciesMetadata,jsMainResolvableDependenciesMetadata,jsRuntimeClasspath,jsTestResolvableDependenciesMetadata,jsTestRuntimeClasspath,webTestResolvableDependenciesMetadata
io.ktor:ktor-client-websockets-js:3.4.2=jsCompileClasspath,jsRuntimeClasspath,jsTestCompileClasspath,jsTestRuntimeClasspath
io.ktor:ktor-client-websockets:3.4.2=allSourceSetsCompileDependenciesMetadata,allTestSourceSetsCompileDependenciesMetadata,commonTestResolvableDependenciesMetadata,jsCompileClasspath,jsMainResolvableDependenciesMetadata,jsRuntimeClasspath,jsTestCompileClasspath,jsTestResolvableDependenciesMetadata,jsTestRuntimeClasspath,webTestResolvableDependenciesMetadata
io.ktor:ktor-events-js:3.4.2=jsCompileClasspath,jsNpmAggregated,jsRuntimeClasspath,jsTestCompileClasspath,jsTestNpmAggregated,jsTestRuntimeClasspath
io.ktor:ktor-events:3.4.2=allSourceSetsCompileDependenciesMetadata,allTestSourceSetsCompileDependenciesMetadata,commonTestResolvableDependenciesMetadata,jsCompileClasspath,jsMainResolvableDependenciesMetadata,jsNpmAggregated,jsRuntimeClasspath,jsTestCompileClasspath,jsTestNpmAggregated,jsTestResolvableDependenciesMetadata,jsTestRuntimeClasspath,webTestResolvableDependenciesMetadata
io.ktor:ktor-http-cio-js:3.4.2=jsCompileClasspath,jsNpmAggregated,jsRuntimeClasspath,jsTestCompileClasspath,jsTestNpmAggregated,jsTestRuntimeClasspath
io.ktor:ktor-http-cio:3.4.2=allSourceSetsCompileDependenciesMetadata,allTestSourceSetsCompileDependenciesMetadata,commonTestResolvableDependenciesMetadata,jsCompileClasspath,jsMainResolvableDependenciesMetadata,jsNpmAggregated,jsRuntimeClasspath,jsTestCompileClasspath,jsTestNpmAggregated,jsTestResolvableDependenciesMetadata,jsTestRuntimeClasspath,webTestResolvableDependenciesMetadata
io.ktor:ktor-http-js:3.4.2=jsCompileClasspath,jsNpmAggregated,jsRuntimeClasspath,jsTestCompileClasspath,jsTestNpmAggregated,jsTestRuntimeClasspath
io.ktor:ktor-http:3.4.2=allSourceSetsCompileDependenciesMetadata,allTestSourceSetsCompileDependenciesMetadata,commonTestResolvableDependenciesMetadata,jsCompileClasspath,jsMainResolvableDependenciesMetadata,jsNpmAggregated,jsRuntimeClasspath,jsTestCompileClasspath,jsTestNpmAggregated,jsTestResolvableDependenciesMetadata,jsTestRuntimeClasspath,webTestResolvableDependenciesMetadata
io.ktor:ktor-io-js:3.4.2=jsCompileClasspath,jsNpmAggregated,jsRuntimeClasspath,jsTestCompileClasspath,jsTestNpmAggregated,jsTestRuntimeClasspath
io.ktor:ktor-io:3.4.2=allSourceSetsCompileDependenciesMetadata,allTestSourceSetsCompileDependenciesMetadata,commonTestResolvableDependenciesMetadata,jsCompileClasspath,jsMainResolvableDependenciesMetadata,jsNpmAggregated,jsRuntimeClasspath,jsTestCompileClasspath,jsTestNpmAggregated,jsTestResolvableDependenciesMetadata,jsTestRuntimeClasspath,webTestResolvableDependenciesMetadata
io.ktor:ktor-network-tls:3.4.2=allSourceSetsCompileDependenciesMetadata,allTestSourceSetsCompileDependenciesMetadata,commonTestResolvableDependenciesMetadata,jsMainResolvableDependenciesMetadata,jsTestResolvableDependenciesMetadata,webTestResolvableDependenciesMetadata
io.ktor:ktor-network:3.4.2=allSourceSetsCompileDependenciesMetadata,allTestSourceSetsCompileDependenciesMetadata,commonTestResolvableDependenciesMetadata,jsMainResolvableDependenciesMetadata,jsTestResolvableDependenciesMetadata,webTestResolvableDependenciesMetadata
io.ktor:ktor-serialization-js:3.4.2=jsCompileClasspath,jsNpmAggregated,jsRuntimeClasspath,jsTestCompileClasspath,jsTestNpmAggregated,jsTestRuntimeClasspath
io.ktor:ktor-serialization-kotlinx-js:3.4.2=jsRuntimeClasspath,jsTestRuntimeClasspath
io.ktor:ktor-serialization-kotlinx-json-js:3.4.2=jsRuntimeClasspath,jsTestRuntimeClasspath
io.ktor:ktor-serialization-kotlinx-json:3.4.2=allSourceSetsCompileDependenciesMetadata,allTestSourceSetsCompileDependenciesMetadata,commonTestResolvableDependenciesMetadata,jsMainResolvableDependenciesMetadata,jsRuntimeClasspath,jsTestResolvableDependenciesMetadata,jsTestRuntimeClasspath,webTestResolvableDependenciesMetadata
io.ktor:ktor-serialization-kotlinx:3.4.2=allSourceSetsCompileDependenciesMetadata,allTestSourceSetsCompileDependenciesMetadata,commonTestResolvableDependenciesMetadata,jsMainResolvableDependenciesMetadata,jsRuntimeClasspath,jsTestResolvableDependenciesMetadata,jsTestRuntimeClasspath,webTestResolvableDependenciesMetadata
io.ktor:ktor-serialization:3.4.2=allSourceSetsCompileDependenciesMetadata,allTestSourceSetsCompileDependenciesMetadata,commonTestResolvableDependenciesMetadata,jsCompileClasspath,jsMainResolvableDependenciesMetadata,jsNpmAggregated,jsRuntimeClasspath,jsTestCompileClasspath,jsTestNpmAggregated,jsTestResolvableDependenciesMetadata,jsTestRuntimeClasspath,webTestResolvableDependenciesMetadata
io.ktor:ktor-sse-js:3.4.2=jsCompileClasspath,jsNpmAggregated,jsRuntimeClasspath,jsTestCompileClasspath,jsTestNpmAggregated,jsTestRuntimeClasspath
io.ktor:ktor-sse:3.4.2=allSourceSetsCompileDependenciesMetadata,allTestSourceSetsCompileDependenciesMetadata,commonTestResolvableDependenciesMetadata,jsCompileClasspath,jsMainResolvableDependenciesMetadata,jsNpmAggregated,jsRuntimeClasspath,jsTestCompileClasspath,jsTestNpmAggregated,jsTestResolvableDependenciesMetadata,jsTestRuntimeClasspath,webTestResolvableDependenciesMetadata
io.ktor:ktor-utils-js:3.4.2=jsCompileClasspath,jsNpmAggregated,jsRuntimeClasspath,jsTestCompileClasspath,jsTestNpmAggregated,jsTestRuntimeClasspath
io.ktor:ktor-utils:3.4.2=allSourceSetsCompileDependenciesMetadata,allTestSourceSetsCompileDependenciesMetadata,commonTestResolvableDependenciesMetadata,jsCompileClasspath,jsMainResolvableDependenciesMetadata,jsNpmAggregated,jsRuntimeClasspath,jsTestCompileClasspath,jsTestNpmAggregated,jsTestResolvableDependenciesMetadata,jsTestRuntimeClasspath,webTestResolvableDependenciesMetadata
io.ktor:ktor-websocket-serialization-js:3.4.2=jsCompileClasspath,jsNpmAggregated,jsRuntimeClasspath,jsTestCompileClasspath,jsTestNpmAggregated,jsTestRuntimeClasspath
io.ktor:ktor-websocket-serialization:3.4.2=allSourceSetsCompileDependenciesMetadata,allTestSourceSetsCompileDependenciesMetadata,commonTestResolvableDependenciesMetadata,jsCompileClasspath,jsMainResolvableDependenciesMetadata,jsNpmAggregated,jsRuntimeClasspath,jsTestCompileClasspath,jsTestNpmAggregated,jsTestResolvableDependenciesMetadata,jsTestRuntimeClasspath,webTestResolvableDependenciesMetadata
io.ktor:ktor-websockets-js:3.4.2=jsCompileClasspath,jsNpmAggregated,jsRuntimeClasspath,jsTestCompileClasspath,jsTestNpmAggregated,jsTestRuntimeClasspath
io.ktor:ktor-websockets:3.4.2=allSourceSetsCompileDependenciesMetadata,allTestSourceSetsCompileDependenciesMetadata,commonTestResolvableDependenciesMetadata,jsCompileClasspath,jsMainResolvableDependenciesMetadata,jsNpmAggregated,jsRuntimeClasspath,jsTestCompileClasspath,jsTestNpmAggregated,jsTestResolvableDependenciesMetadata,jsTestRuntimeClasspath,webTestResolvableDependenciesMetadata
org.drewcarlson:objectstore-core-js:0.2.0=jsCompileClasspath,jsRuntimeClasspath,jsTestCompileClasspath,jsTestRuntimeClasspath
org.drewcarlson:objectstore-core:0.2.0=allSourceSetsCompileDependenciesMetadata,allTestSourceSetsCompileDependenciesMetadata,commonTestResolvableDependenciesMetadata,jsCompileClasspath,jsMainResolvableDependenciesMetadata,jsRuntimeClasspath,jsTestCompileClasspath,jsTestResolvableDependenciesMetadata,jsTestRuntimeClasspath,webTestResolvableDependenciesMetadata
org.drewcarlson:objectstore-json-js:0.2.0=jsCompileClasspath,jsRuntimeClasspath,jsTestCompileClasspath,jsTestRuntimeClasspath
org.drewcarlson:objectstore-json:0.2.0=allSourceSetsCompileDependenciesMetadata,allTestSourceSetsCompileDependenciesMetadata,commonTestResolvableDependenciesMetadata,jsCompileClasspath,jsMainResolvableDependenciesMetadata,jsRuntimeClasspath,jsTestCompileClasspath,jsTestResolvableDependenciesMetadata,jsTestRuntimeClasspath,webTestResolvableDependenciesMetadata
org.drewcarlson:objectstore-secure:0.2.0=allSourceSetsCompileDependenciesMetadata,allTestSourceSetsCompileDependenciesMetadata,commonTestResolvableDependenciesMetadata,jsMainResolvableDependenciesMetadata,jsTestResolvableDependenciesMetadata,webTestResolvableDependenciesMetadata
org.drewcarlson:qbittorrent-models-js:1.1.0-alpha02=jsCompileClasspath,jsRuntimeClasspath,jsTestCompileClasspath,jsTestRuntimeClasspath
org.drewcarlson:qbittorrent-models:1.1.0-alpha02=allSourceSetsCompileDependenciesMetadata,allTestSourceSetsCompileDependenciesMetadata,commonTestResolvableDependenciesMetadata,jsCompileClasspath,jsMainResolvableDependenciesMetadata,jsRuntimeClasspath,jsTestCompileClasspath,jsTestResolvableDependenciesMetadata,jsTestRuntimeClasspath,webTestResolvableDependenciesMetadata
org.jetbrains.compose.html:html-core-js:1.11.0-beta02=jsCompileClasspath,jsNpmAggregated,jsRuntimeClasspath,jsTestCompileClasspath,jsTestNpmAggregated,jsTestRuntimeClasspath
org.jetbrains.compose.html:html-core:1.11.0-beta02=allSourceSetsCompileDependenciesMetadata,allTestSourceSetsCompileDependenciesMetadata,commonTestResolvableDependenciesMetadata,jsCompileClasspath,jsMainResolvableDependenciesMetadata,jsNpmAggregated,jsRuntimeClasspath,jsTestCompileClasspath,jsTestNpmAggregated,jsTestResolvableDependenciesMetadata,jsTestRuntimeClasspath,webTestResolvableDependenciesMetadata
org.jetbrains.compose.html:internal-html-core-runtime-js:1.11.0-beta02=jsCompileClasspath,jsNpmAggregated,jsRuntimeClasspath,jsTestCompileClasspath,jsTestNpmAggregated,jsTestRuntimeClasspath
org.jetbrains.compose.html:internal-html-core-runtime:1.11.0-beta02=jsCompileClasspath,jsNpmAggregated,jsRuntimeClasspath,jsTestCompileClasspath,jsTestNpmAggregated,jsTestRuntimeClasspath
org.jetbrains.compose.runtime:runtime-js:1.11.0-beta02=jsCompileClasspath,jsNpmAggregated,jsRuntimeClasspath,jsTestCompileClasspath,jsTestNpmAggregated,jsTestRuntimeClasspath
org.jetbrains.compose.runtime:runtime:1.11.0-beta02=allSourceSetsCompileDependenciesMetadata,allTestSourceSetsCompileDependenciesMetadata,commonTestResolvableDependenciesMetadata,jsCompileClasspath,jsMainResolvableDependenciesMetadata,jsNpmAggregated,jsRuntimeClasspath,jsTestCompileClasspath,jsTestNpmAggregated,jsTestResolvableDependenciesMetadata,jsTestRuntimeClasspath,webTestResolvableDependenciesMetadata
org.jetbrains.kotlin-wrappers:kotlin-browser-js:2026.4.5=jsCompileClasspath,jsNpmAggregated,jsRuntimeClasspath,jsTestCompileClasspath,jsTestNpmAggregated,jsTestRuntimeClasspath
org.jetbrains.kotlin-wrappers:kotlin-browser:2026.4.5=allSourceSetsCompileDependenciesMetadata,allTestSourceSetsCompileDependenciesMetadata,commonTestResolvableDependenciesMetadata,jsCompileClasspath,jsMainResolvableDependenciesMetadata,jsNpmAggregated,jsRuntimeClasspath,jsTestCompileClasspath,jsTestNpmAggregated,jsTestResolvableDependenciesMetadata,jsTestRuntimeClasspath,webTestResolvableDependenciesMetadata
org.jetbrains.kotlin-wrappers:kotlin-cssom-core-js:2026.4.5=jsCompileClasspath,jsNpmAggregated,jsRuntimeClasspath,jsTestCompileClasspath,jsTestNpmAggregated,jsTestRuntimeClasspath
org.jetbrains.kotlin-wrappers:kotlin-cssom-core:2026.4.5=allSourceSetsCompileDependenciesMetadata,allTestSourceSetsCompileDependenciesMetadata,commonTestResolvableDependenciesMetadata,jsCompileClasspath,jsMainResolvableDependenciesMetadata,jsNpmAggregated,jsRuntimeClasspath,jsTestCompileClasspath,jsTestNpmAggregated,jsTestResolvableDependenciesMetadata,jsTestRuntimeClasspath,webTestResolvableDependenciesMetadata
org.jetbrains.kotlin-wrappers:kotlin-js-core-js:2026.4.5=jsCompileClasspath,jsNpmAggregated,jsRuntimeClasspath,jsTestCompileClasspath,jsTestNpmAggregated,jsTestRuntimeClasspath
org.jetbrains.kotlin-wrappers:kotlin-js-core:2026.4.5=allSourceSetsCompileDependenciesMetadata,allTestSourceSetsCompileDependenciesMetadata,commonTestResolvableDependenciesMetadata,jsCompileClasspath,jsMainResolvableDependenciesMetadata,jsNpmAggregated,jsRuntimeClasspath,jsTestCompileClasspath,jsTestNpmAggregated,jsTestResolvableDependenciesMetadata,jsTestRuntimeClasspath,webTestResolvableDependenciesMetadata
org.jetbrains.kotlin-wrappers:kotlin-js-js:2026.4.5=jsCompileClasspath,jsNpmAggregated,jsRuntimeClasspath,jsTestCompileClasspath,jsTestNpmAggregated,jsTestRuntimeClasspath
org.jetbrains.kotlin-wrappers:kotlin-js-plain-object-js:2026.4.5=jsNpmAggregated,jsRuntimeClasspath,jsTestNpmAggregated,jsTestRuntimeClasspath
org.jetbrains.kotlin-wrappers:kotlin-js-plain-object:2026.4.5=jsNpmAggregated,jsRuntimeClasspath,jsTestNpmAggregated,jsTestRuntimeClasspath
org.jetbrains.kotlin-wrappers:kotlin-js:2026.4.5=allSourceSetsCompileDependenciesMetadata,allTestSourceSetsCompileDependenciesMetadata,commonTestResolvableDependenciesMetadata,jsCompileClasspath,jsMainResolvableDependenciesMetadata,jsNpmAggregated,jsRuntimeClasspath,jsTestCompileClasspath,jsTestNpmAggregated,jsTestResolvableDependenciesMetadata,jsTestRuntimeClasspath,webTestResolvableDependenciesMetadata
org.jetbrains.kotlin-wrappers:kotlin-web-js:2026.4.5=jsCompileClasspath,jsNpmAggregated,jsRuntimeClasspath,jsTestCompileClasspath,jsTestNpmAggregated,jsTestRuntimeClasspath
org.jetbrains.kotlin-wrappers:kotlin-web:2026.4.5=allSourceSetsCompileDependenciesMetadata,allTestSourceSetsCompileDependenciesMetadata,commonTestResolvableDependenciesMetadata,jsCompileClasspath,jsMainResolvableDependenciesMetadata,jsNpmAggregated,jsRuntimeClasspath,jsTestCompileClasspath,jsTestNpmAggregated,jsTestResolvableDependenciesMetadata,jsTestRuntimeClasspath,webTestResolvableDependenciesMetadata
org.jetbrains.kotlin:abi-tools-api:2.3.21-RC=kotlinInternalAbiValidation
org.jetbrains.kotlin:abi-tools:2.3.21-RC=kotlinInternalAbiValidation
org.jetbrains.kotlin:kotlin-build-tools-api:2.3.21-RC=kotlinBuildToolsApiClasspath,kotlinCompilerClasspath
org.jetbrains.kotlin:kotlin-build-tools-compat:2.3.21-RC=kotlinBuildToolsApiClasspath,kotlinCompilerClasspath
org.jetbrains.kotlin:kotlin-build-tools-cri-impl:2.3.21-RC=kotlinBuildToolsApiClasspath,kotlinCompilerClasspath
org.jetbrains.kotlin:kotlin-build-tools-impl:2.3.21-RC=kotlinBuildToolsApiClasspath,kotlinCompilerClasspath
org.jetbrains.kotlin:kotlin-compiler-embeddable:2.3.21-RC=kotlinBuildToolsApiClasspath,kotlinCompilerClasspath,kotlinKlibCommonizerClasspath
org.jetbrains.kotlin:kotlin-compiler-runner:2.3.21-RC=kotlinBuildToolsApiClasspath,kotlinCompilerClasspath
org.jetbrains.kotlin:kotlin-compose-compiler-plugin-embeddable:2.3.21-RC=kotlinCompilerPluginClasspathJsMain,kotlinCompilerPluginClasspathJsTest,kotlinCompilerPluginClasspathMetadataMain
org.jetbrains.kotlin:kotlin-daemon-client:2.3.21-RC=kotlinBuildToolsApiClasspath,kotlinCompilerClasspath
org.jetbrains.kotlin:kotlin-daemon-embeddable:2.3.21-RC=kotlinBuildToolsApiClasspath,kotlinCompilerClasspath,kotlinKlibCommonizerClasspath
org.jetbrains.kotlin:kotlin-dom-api-compat:2.3.21-RC=allSourceSetsCompileDependenciesMetadata,allTestSourceSetsCompileDependenciesMetadata,commonTestResolvableDependenciesMetadata,jsCompileClasspath,jsMainResolvableDependenciesMetadata,jsNpmAggregated,jsRuntimeClasspath,jsTestCompileClasspath,jsTestNpmAggregated,jsTestResolvableDependenciesMetadata,jsTestRuntimeClasspath,webTestResolvableDependenciesMetadata
org.jetbrains.kotlin:kotlin-js-plain-objects:2.3.21-RC=allSourceSetsCompileDependenciesMetadata,allTestSourceSetsCompileDependenciesMetadata,commonTestResolvableDependenciesMetadata,jsCompileClasspath,jsMainResolvableDependenciesMetadata,jsNpmAggregated,jsRuntimeClasspath,jsTestCompileClasspath,jsTestNpmAggregated,jsTestResolvableDependenciesMetadata,jsTestRuntimeClasspath,webTestResolvableDependenciesMetadata
org.jetbrains.kotlin:kotlin-klib-abi-reader:2.3.21-RC=kotlinInternalAbiValidation
org.jetbrains.kotlin:kotlin-klib-commonizer-embeddable:2.3.21-RC=kotlinKlibCommonizerClasspath
org.jetbrains.kotlin:kotlin-metadata-jvm:2.3.21-RC=kotlinInternalAbiValidation
org.jetbrains.kotlin:kotlin-reflect:1.6.10=kotlinBuildToolsApiClasspath,kotlinCompilerClasspath,kotlinKlibCommonizerClasspath
org.jetbrains.kotlin:kotlin-script-runtime:2.3.21-RC=kotlinBuildToolsApiClasspath,kotlinCompilerClasspath,kotlinCompilerPluginClasspathJsMain,kotlinCompilerPluginClasspathJsTest,kotlinCompilerPluginClasspathMetadataMain,kotlinKlibCommonizerClasspath
org.jetbrains.kotlin:kotlin-scripting-common:2.3.21-RC=kotlinCompilerPluginClasspathJsMain,kotlinCompilerPluginClasspathJsTest,kotlinCompilerPluginClasspathMetadataMain
org.jetbrains.kotlin:kotlin-scripting-compiler-embeddable:2.3.21-RC=kotlinCompilerPluginClasspathJsMain,kotlinCompilerPluginClasspathJsTest,kotlinCompilerPluginClasspathMetadataMain
org.jetbrains.kotlin:kotlin-scripting-compiler-impl-embeddable:2.3.21-RC=kotlinCompilerPluginClasspathJsMain,kotlinCompilerPluginClasspathJsTest,kotlinCompilerPluginClasspathMetadataMain
org.jetbrains.kotlin:kotlin-scripting-jvm:2.3.21-RC=kotlinCompilerPluginClasspathJsMain,kotlinCompilerPluginClasspathJsTest,kotlinCompilerPluginClasspathMetadataMain
org.jetbrains.kotlin:kotlin-serialization-compiler-plugin-embeddable:2.3.21-RC=kotlinCompilerPluginClasspathJsMain,kotlinCompilerPluginClasspathJsTest,kotlinCompilerPluginClasspathMetadataMain
org.jetbrains.kotlin:kotlin-stdlib-common:2.3.21-RC=allSourceSetsCompileDependenciesMetadata,allTestSourceSetsCompileDependenciesMetadata,commonTestResolvableDependenciesMetadata,jsMainResolvableDependenciesMetadata,jsTestResolvableDependenciesMetadata,webTestResolvableDependenciesMetadata
org.jetbrains.kotlin:kotlin-stdlib-js:2.3.21-RC=jsCompileClasspath,jsNpmAggregated,jsRuntimeClasspath,jsTestCompileClasspath,jsTestNpmAggregated,jsTestRuntimeClasspath
org.jetbrains.kotlin:kotlin-stdlib:2.3.21-RC=allSourceSetsCompileDependenciesMetadata,allTestSourceSetsCompileDependenciesMetadata,commonMainResolvableDependenciesMetadata,commonTestResolvableDependenciesMetadata,jsCompileClasspath,jsMainResolvableDependenciesMetadata,jsNpmAggregated,jsRuntimeClasspath,jsTestCompileClasspath,jsTestNpmAggregated,jsTestResolvableDependenciesMetadata,jsTestRuntimeClasspath,kotlinBuildToolsApiClasspath,kotlinCompilerClasspath,kotlinCompilerPluginClasspathJsMain,kotlinCompilerPluginClasspathJsTest,kotlinCompilerPluginClasspathMetadataMain,kotlinInternalAbiValidation,kotlinKlibCommonizerClasspath,metadataCompileClasspath,webMainResolvableDependenciesMetadata,webTestResolvableDependenciesMetadata
org.jetbrains.kotlin:kotlin-tooling-core:2.3.21-RC=kotlinBuildToolsApiClasspath,kotlinCompilerClasspath
org.jetbrains.kotlin:kotlinx-js-plain-objects-compiler-plugin-embeddable:2.3.21-RC=kotlinCompilerPluginClasspathJsMain,kotlinCompilerPluginClasspathJsTest
org.jetbrains.kotlinx:atomicfu-js:0.32.1=jsCompileClasspath,jsNpmAggregated,jsRuntimeClasspath,jsTestCompileClasspath,jsTestNpmAggregated,jsTestRuntimeClasspath
org.jetbrains.kotlinx:atomicfu:0.23.1=allSourceSetsCompileDependenciesMetadata,allTestSourceSetsCompileDependenciesMetadata,commonTestResolvableDependenciesMetadata,jsMainResolvableDependenciesMetadata,jsTestResolvableDependenciesMetadata,webTestResolvableDependenciesMetadata
org.jetbrains.kotlinx:atomicfu:0.32.1=jsCompileClasspath,jsNpmAggregated,jsRuntimeClasspath,jsTestCompileClasspath,jsTestNpmAggregated,jsTestRuntimeClasspath
org.jetbrains.kotlinx:kotlinx-browser-js:0.5.0=jsNpmAggregated,jsRuntimeClasspath,jsTestNpmAggregated,jsTestRuntimeClasspath
org.jetbrains.kotlinx:kotlinx-browser:0.5.0=jsNpmAggregated,jsRuntimeClasspath,jsTestNpmAggregated,jsTestRuntimeClasspath
org.jetbrains.kotlinx:kotlinx-coroutines-core-js:1.10.2=jsCompileClasspath,jsNpmAggregated,jsRuntimeClasspath,jsTestCompileClasspath,jsTestNpmAggregated,jsTestRuntimeClasspath
org.jetbrains.kotlinx:kotlinx-coroutines-core-jvm:1.8.0=kotlinBuildToolsApiClasspath,kotlinCompilerClasspath,kotlinKlibCommonizerClasspath
org.jetbrains.kotlinx:kotlinx-coroutines-core:1.10.2=allSourceSetsCompileDependenciesMetadata,allTestSourceSetsCompileDependenciesMetadata,commonTestResolvableDependenciesMetadata,jsCompileClasspath,jsMainResolvableDependenciesMetadata,jsNpmAggregated,jsRuntimeClasspath,jsTestCompileClasspath,jsTestNpmAggregated,jsTestResolvableDependenciesMetadata,jsTestRuntimeClasspath,webTestResolvableDependenciesMetadata
org.jetbrains.kotlinx:kotlinx-datetime-js:0.7.1=jsCompileClasspath,jsRuntimeClasspath,jsTestCompileClasspath,jsTestRuntimeClasspath
org.jetbrains.kotlinx:kotlinx-datetime:0.7.1=allSourceSetsCompileDependenciesMetadata,allTestSourceSetsCompileDependenciesMetadata,commonTestResolvableDependenciesMetadata,jsCompileClasspath,jsMainResolvableDependenciesMetadata,jsRuntimeClasspath,jsTestCompileClasspath,jsTestResolvableDependenciesMetadata,jsTestRuntimeClasspath,webTestResolvableDependenciesMetadata
org.jetbrains.kotlinx:kotlinx-io-bytestring-js:0.8.2=jsCompileClasspath,jsNpmAggregated,jsRuntimeClasspath,jsTestCompileClasspath,jsTestNpmAggregated,jsTestRuntimeClasspath
org.jetbrains.kotlinx:kotlinx-io-bytestring:0.8.2=allSourceSetsCompileDependenciesMetadata,allTestSourceSetsCompileDependenciesMetadata,commonTestResolvableDependenciesMetadata,jsCompileClasspath,jsMainResolvableDependenciesMetadata,jsNpmAggregated,jsRuntimeClasspath,jsTestCompileClasspath,jsTestNpmAggregated,jsTestResolvableDependenciesMetadata,jsTestRuntimeClasspath,webTestResolvableDependenciesMetadata
org.jetbrains.kotlinx:kotlinx-io-core-js:0.8.2=jsCompileClasspath,jsNpmAggregated,jsRuntimeClasspath,jsTestCompileClasspath,jsTestNpmAggregated,jsTestRuntimeClasspath
org.jetbrains.kotlinx:kotlinx-io-core:0.8.2=allSourceSetsCompileDependenciesMetadata,allTestSourceSetsCompileDependenciesMetadata,commonTestResolvableDependenciesMetadata,jsCompileClasspath,jsMainResolvableDependenciesMetadata,jsNpmAggregated,jsRuntimeClasspath,jsTestCompileClasspath,jsTestNpmAggregated,jsTestResolvableDependenciesMetadata,jsTestRuntimeClasspath,webTestResolvableDependenciesMetadata
org.jetbrains.kotlinx:kotlinx-serialization-core-js:1.11.0=jsRuntimeClasspath,jsTestRuntimeClasspath
org.jetbrains.kotlinx:kotlinx-serialization-core-js:1.9.0=jsCompileClasspath,jsNpmAggregated,jsTestCompileClasspath,jsTestNpmAggregated
org.jetbrains.kotlinx:kotlinx-serialization-core:1.11.0=allSourceSetsCompileDependenciesMetadata,allTestSourceSetsCompileDependenciesMetadata,commonTestResolvableDependenciesMetadata,jsMainResolvableDependenciesMetadata,jsRuntimeClasspath,jsTestResolvableDependenciesMetadata,jsTestRuntimeClasspath,webTestResolvableDependenciesMetadata
org.jetbrains.kotlinx:kotlinx-serialization-core:1.9.0=jsCompileClasspath,jsNpmAggregated,jsTestCompileClasspath,jsTestNpmAggregated
org.jetbrains.kotlinx:kotlinx-serialization-json-io-js:1.9.0=jsRuntimeClasspath,jsTestRuntimeClasspath
org.jetbrains.kotlinx:kotlinx-serialization-json-io:1.9.0=allSourceSetsCompileDependenciesMetadata,allTestSourceSetsCompileDependenciesMetadata,commonTestResolvableDependenciesMetadata,jsMainResolvableDependenciesMetadata,jsRuntimeClasspath,jsTestResolvableDependenciesMetadata,jsTestRuntimeClasspath,webTestResolvableDependenciesMetadata
org.jetbrains.kotlinx:kotlinx-serialization-json-js:1.11.0=jsRuntimeClasspath,jsTestRuntimeClasspath
org.jetbrains.kotlinx:kotlinx-serialization-json-js:1.4.1=jsCompileClasspath,jsTestCompileClasspath
org.jetbrains.kotlinx:kotlinx-serialization-json:1.11.0=allSourceSetsCompileDependenciesMetadata,allTestSourceSetsCompileDependenciesMetadata,commonTestResolvableDependenciesMetadata,jsMainResolvableDependenciesMetadata,jsRuntimeClasspath,jsTestResolvableDependenciesMetadata,jsTestRuntimeClasspath,webTestResolvableDependenciesMetadata
org.jetbrains.kotlinx:kotlinx-serialization-json:1.4.1=jsCompileClasspath,jsTestCompileClasspath
org.jetbrains.kotlinx:kover-jvm-agent:0.9.8=koverJvmAgent,koverJvmReporter
org.jetbrains.skiko:skiko-js-wasm-runtime:0.144.5=COMPOSE_SKIKO_JS_WASM_RUNTIME
org.jetbrains:annotations:13.0=kotlinBuildToolsApiClasspath,kotlinCompilerClasspath,kotlinCompilerPluginClasspathJsMain,kotlinCompilerPluginClasspathJsTest,kotlinCompilerPluginClasspathMetadataMain,kotlinInternalAbiValidation,kotlinKlibCommonizerClasspath
empty=commonMainImplementationDependenciesMetadata,commonTestImplementationDependenciesMetadata,jsMainImplementationDependenciesMetadata,jsTestImplementationDependenciesMetadata,kotlinCompilerPluginClasspath,kotlinNativeCompilerPluginClasspath,koverExternalArtifacts,webMainImplementationDependenciesMetadata,webTestImplementationDependenciesMetadata
