# This is a Gradle generated file for dependency locking.
# Manual edits can break the build and are not advised.
# This file is expected to be part of source control.
ch.qos.logback:logback-classic:1.5.32=compileClasspath,runtimeClasspath,testCompileClasspath,testRuntimeClasspath
ch.qos.logback:logback-core:1.5.32=compileClasspath,runtimeClasspath,testCompileClasspath,testRuntimeClasspath
com.fasterxml.jackson.core:jackson-annotations:2.21=runtimeClasspath,testRuntimeClasspath
com.github.curious-odd-man:rgxgen:2.0=testCompileClasspath,testRuntimeClasspath
com.grack:nanojson:1.9=runtimeClasspath,testRuntimeClasspath
dev.drewhamilton.poko:poko-annotations-jvm:0.22.0=compileClasspath,runtimeClasspath,testCompileClasspath,testRuntimeClasspath
dev.drewhamilton.poko:poko-annotations:0.22.0=compileClasspath,runtimeClasspath,testCompileClasspath,testRuntimeClasspath
dev.drewhamilton.poko:poko-compiler-plugin:0.22.0=kotlinCompilerPluginClasspathMain,kotlinCompilerPluginClasspathTest
dev.zacsweers.metro:compiler:0.13.2=kotlinCompilerPluginClasspathMain,kotlinCompilerPluginClasspathTest
dev.zacsweers.metro:runtime-jvm:0.13.2=compileClasspath,runtimeClasspath,testCompileClasspath,testRuntimeClasspath
dev.zacsweers.metro:runtime:0.13.2=compileClasspath,runtimeClasspath,testCompileClasspath,testRuntimeClasspath
dev.zacsweers.redacted:redacted-compiler-plugin-annotations-jvm:1.16.0=compileClasspath,runtimeClasspath,testCompileClasspath,testRuntimeClasspath
dev.zacsweers.redacted:redacted-compiler-plugin-annotations:1.16.0=compileClasspath,runtimeClasspath,testCompileClasspath,testRuntimeClasspath
dev.zacsweers.redacted:redacted-compiler-plugin:1.16.0=kotlinCompilerPluginClasspathMain,kotlinCompilerPluginClasspathTest
io.github.java-diff-utils:java-diff-utils:4.12=kotlinInternalAbiValidation
io.github.java-diff-utils:java-diff-utils:4.16=testRuntimeClasspath
io.github.pdvrieze.xmlutil:core-jvmcommon:0.91.3=testRuntimeClasspath
io.github.pdvrieze.xmlutil:core:0.91.3=testRuntimeClasspath
io.github.pdvrieze.xmlutil:serialization-jvm:0.91.3=testRuntimeClasspath
io.github.pdvrieze.xmlutil:serialization:0.91.3=testRuntimeClasspath
io.kotest:kotest-assertions-core-jvm:6.1.11=testCompileClasspath,testRuntimeClasspath
io.kotest:kotest-assertions-core:6.1.11=testCompileClasspath,testRuntimeClasspath
io.kotest:kotest-assertions-shared-jvm:6.1.11=testCompileClasspath,testRuntimeClasspath
io.kotest:kotest-assertions-shared:6.1.11=testCompileClasspath,testRuntimeClasspath
io.kotest:kotest-common-jvm:6.1.11=testCompileClasspath,testRuntimeClasspath
io.kotest:kotest-common:6.1.11=testCompileClasspath,testRuntimeClasspath
io.kotest:kotest-extensions-jvm:6.1.11=testCompileClasspath,testRuntimeClasspath
io.kotest:kotest-extensions:6.1.11=testCompileClasspath,testRuntimeClasspath
io.kotest:kotest-framework-engine-jvm:6.1.11=testCompileClasspath,testRuntimeClasspath
io.kotest:kotest-framework-engine:6.1.11=testCompileClasspath,testRuntimeClasspath
io.kotest:kotest-property-jvm:6.1.11=testCompileClasspath,testRuntimeClasspath
io.kotest:kotest-property:6.1.11=testCompileClasspath,testRuntimeClasspath
io.kotest:kotest-runner-junit-platform-jvm:6.1.11=testCompileClasspath,testRuntimeClasspath
io.kotest:kotest-runner-junit-platform:6.1.11=testCompileClasspath,testRuntimeClasspath
io.kotest:kotest-runner-junit5-jvm:6.1.11=testCompileClasspath,testRuntimeClasspath
io.kotest:kotest-runner-junit5:6.1.11=testCompileClasspath,testRuntimeClasspath
io.ktor:ktor-client-core-jvm:3.4.2=runtimeClasspath,testRuntimeClasspath
io.ktor:ktor-client-core:3.4.2=runtimeClasspath,testRuntimeClasspath
io.ktor:ktor-events-jvm:3.4.2=runtimeClasspath,testRuntimeClasspath
io.ktor:ktor-events:3.4.2=runtimeClasspath,testRuntimeClasspath
io.ktor:ktor-http-cio-jvm:3.4.2=runtimeClasspath,testRuntimeClasspath
io.ktor:ktor-http-cio:3.4.2=runtimeClasspath,testRuntimeClasspath
io.ktor:ktor-http-jvm:3.4.2=runtimeClasspath,testRuntimeClasspath
io.ktor:ktor-http:3.4.2=runtimeClasspath,testRuntimeClasspath
io.ktor:ktor-io-jvm:3.4.2=runtimeClasspath,testRuntimeClasspath
io.ktor:ktor-io:3.4.2=runtimeClasspath,testRuntimeClasspath
io.ktor:ktor-network-jvm:3.4.2=runtimeClasspath,testRuntimeClasspath
io.ktor:ktor-network:3.4.2=runtimeClasspath,testRuntimeClasspath
io.ktor:ktor-serialization-jvm:3.4.2=runtimeClasspath,testRuntimeClasspath
io.ktor:ktor-serialization:3.4.2=runtimeClasspath,testRuntimeClasspath
io.ktor:ktor-sse-jvm:3.4.2=runtimeClasspath,testRuntimeClasspath
io.ktor:ktor-sse:3.4.2=runtimeClasspath,testRuntimeClasspath
io.ktor:ktor-utils-jvm:3.4.2=runtimeClasspath,testRuntimeClasspath
io.ktor:ktor-utils:3.4.2=runtimeClasspath,testRuntimeClasspath
io.ktor:ktor-websocket-serialization-jvm:3.4.2=runtimeClasspath,testRuntimeClasspath
io.ktor:ktor-websocket-serialization:3.4.2=runtimeClasspath,testRuntimeClasspath
io.ktor:ktor-websockets-jvm:3.4.2=runtimeClasspath,testRuntimeClasspath
io.ktor:ktor-websockets:3.4.2=runtimeClasspath,testRuntimeClasspath
io.mockk:mockk-agent-api-jvm:1.14.9=testCompileClasspath,testRuntimeClasspath
io.mockk:mockk-agent-api:1.14.9=testCompileClasspath,testRuntimeClasspath
io.mockk:mockk-agent-jvm:1.14.9=testCompileClasspath,testRuntimeClasspath
io.mockk:mockk-agent:1.14.9=testCompileClasspath,testRuntimeClasspath
io.mockk:mockk-core-jvm:1.14.9=testCompileClasspath,testRuntimeClasspath
io.mockk:mockk-core:1.14.9=testCompileClasspath,testRuntimeClasspath
io.mockk:mockk-dsl-jvm:1.14.9=testCompileClasspath,testRuntimeClasspath
io.mockk:mockk-dsl:1.14.9=testCompileClasspath,testRuntimeClasspath
io.mockk:mockk-jvm:1.14.9=testCompileClasspath,testRuntimeClasspath
io.mockk:mockk:1.14.9=testCompileClasspath,testRuntimeClasspath
io.projectreactor:reactor-core:3.4.1=compileClasspath,runtimeClasspath,testCompileClasspath,testRuntimeClasspath
io.r2dbc:r2dbc-spi:1.0.0.RELEASE=compileClasspath,runtimeClasspath,testCompileClasspath,testRuntimeClasspath
net.bytebuddy:byte-buddy-agent:1.18.2=testCompileClasspath,testRuntimeClasspath
net.bytebuddy:byte-buddy:1.18.2=testCompileClasspath,testRuntimeClasspath
net.java.dev.jna:jna-platform:5.9.0=testCompileClasspath,testRuntimeClasspath
net.java.dev.jna:jna:5.9.0=testCompileClasspath,testRuntimeClasspath
org.apiguardian:apiguardian-api:1.1.2=testCompileClasspath
org.bouncycastle:bcprov-jdk18on:1.83=runtimeClasspath,testRuntimeClasspath
org.drewcarlson:jaffree:0.0.1=compileClasspath,runtimeClasspath,testCompileClasspath,testRuntimeClasspath
org.drewcarlson:qbittorrent-models-jvm:1.1.0-alpha02=compileClasspath,runtimeClasspath,testCompileClasspath,testRuntimeClasspath
org.drewcarlson:qbittorrent-models:1.1.0-alpha02=compileClasspath,runtimeClasspath,testCompileClasspath,testRuntimeClasspath
org.flywaydb:flyway-core:12.3.0=runtimeClasspath,testRuntimeClasspath
org.jetbrains.kotlin:abi-tools-api:2.3.21-RC=kotlinInternalAbiValidation
org.jetbrains.kotlin:abi-tools:2.3.21-RC=kotlinInternalAbiValidation
org.jetbrains.kotlin:kotlin-build-tools-api:2.3.21-RC=kotlinBuildToolsApiClasspath,kotlinCompilerClasspath
org.jetbrains.kotlin:kotlin-build-tools-compat:2.3.21-RC=kotlinBuildToolsApiClasspath,kotlinCompilerClasspath
org.jetbrains.kotlin:kotlin-build-tools-cri-impl:2.3.21-RC=kotlinBuildToolsApiClasspath,kotlinCompilerClasspath
org.jetbrains.kotlin:kotlin-build-tools-impl:2.3.21-RC=kotlinBuildToolsApiClasspath,kotlinCompilerClasspath
org.jetbrains.kotlin:kotlin-compiler-embeddable:2.3.21-RC=kotlinBuildToolsApiClasspath,kotlinCompilerClasspath,kotlinKlibCommonizerClasspath
org.jetbrains.kotlin:kotlin-compiler-runner:2.3.21-RC=kotlinBuildToolsApiClasspath,kotlinCompilerClasspath
org.jetbrains.kotlin:kotlin-daemon-client:2.3.21-RC=kotlinBuildToolsApiClasspath,kotlinCompilerClasspath
org.jetbrains.kotlin:kotlin-daemon-embeddable:2.3.21-RC=kotlinBuildToolsApiClasspath,kotlinCompilerClasspath,kotlinKlibCommonizerClasspath
org.jetbrains.kotlin:kotlin-klib-abi-reader:2.3.21-RC=kotlinInternalAbiValidation
org.jetbrains.kotlin:kotlin-klib-commonizer-embeddable:2.3.21-RC=kotlinKlibCommonizerClasspath
org.jetbrains.kotlin:kotlin-metadata-jvm:2.3.21-RC=kotlinInternalAbiValidation
org.jetbrains.kotlin:kotlin-reflect:1.6.10=kotlinBuildToolsApiClasspath,kotlinCompilerClasspath,kotlinKlibCommonizerClasspath
org.jetbrains.kotlin:kotlin-reflect:1.9.25=compileClasspath,runtimeClasspath,testCompileClasspath
org.jetbrains.kotlin:kotlin-reflect:2.2.21=testRuntimeClasspath
org.jetbrains.kotlin:kotlin-script-runtime:2.3.21-RC=kotlinBuildToolsApiClasspath,kotlinCompilerClasspath,kotlinCompilerPluginClasspathMain,kotlinCompilerPluginClasspathTest,kotlinKlibCommonizerClasspath
org.jetbrains.kotlin:kotlin-scripting-common:2.3.21-RC=kotlinCompilerPluginClasspathMain,kotlinCompilerPluginClasspathTest
org.jetbrains.kotlin:kotlin-scripting-compiler-embeddable:2.3.21-RC=kotlinCompilerPluginClasspathMain,kotlinCompilerPluginClasspathTest
org.jetbrains.kotlin:kotlin-scripting-compiler-impl-embeddable:2.3.21-RC=kotlinCompilerPluginClasspathMain,kotlinCompilerPluginClasspathTest
org.jetbrains.kotlin:kotlin-scripting-jvm:2.3.21-RC=kotlinCompilerPluginClasspathMain,kotlinCompilerPluginClasspathTest
org.jetbrains.kotlin:kotlin-serialization-compiler-plugin-embeddable:2.3.21-RC=kotlinCompilerPluginClasspathMain,kotlinCompilerPluginClasspathTest
org.jetbrains.kotlin:kotlin-stdlib-common:2.3.21-RC=runtimeClasspath,testRuntimeClasspath
org.jetbrains.kotlin:kotlin-stdlib-jdk7:1.9.25=compileClasspath,testCompileClasspath
org.jetbrains.kotlin:kotlin-stdlib-jdk7:2.0.21=runtimeClasspath,testRuntimeClasspath
org.jetbrains.kotlin:kotlin-stdlib-jdk8:1.9.25=compileClasspath,testCompileClasspath
org.jetbrains.kotlin:kotlin-stdlib-jdk8:2.0.21=runtimeClasspath,testRuntimeClasspath
org.jetbrains.kotlin:kotlin-stdlib:2.3.21-RC=compileClasspath,kotlinBuildToolsApiClasspath,kotlinCompilerClasspath,kotlinCompilerPluginClasspathMain,kotlinCompilerPluginClasspathTest,kotlinInternalAbiValidation,kotlinKlibCommonizerClasspath,runtimeClasspath,testCompileClasspath,testRuntimeClasspath
org.jetbrains.kotlin:kotlin-test-junit5:2.3.21-RC=testCompileClasspath,testRuntimeClasspath
org.jetbrains.kotlin:kotlin-test:2.3.21-RC=testCompileClasspath,testRuntimeClasspath
org.jetbrains.kotlin:kotlin-tooling-core:2.3.21-RC=kotlinBuildToolsApiClasspath,kotlinCompilerClasspath
org.jetbrains.kotlinx:kotlinx-coroutines-bom:1.10.2=compileClasspath,runtimeClasspath,testCompileClasspath,testRuntimeClasspath
org.jetbrains.kotlinx:kotlinx-coroutines-core-jvm:1.10.2=compileClasspath,runtimeClasspath,testCompileClasspath,testRuntimeClasspath
org.jetbrains.kotlinx:kotlinx-coroutines-core-jvm:1.8.0=kotlinBuildToolsApiClasspath,kotlinCompilerClasspath,kotlinKlibCommonizerClasspath
org.jetbrains.kotlinx:kotlinx-coroutines-core:1.10.2=compileClasspath,runtimeClasspath,testCompileClasspath,testRuntimeClasspath
org.jetbrains.kotlinx:kotlinx-coroutines-debug:1.10.2=testCompileClasspath,testRuntimeClasspath
org.jetbrains.kotlinx:kotlinx-coroutines-jdk8:1.10.2=compileClasspath,runtimeClasspath,testCompileClasspath,testRuntimeClasspath
org.jetbrains.kotlinx:kotlinx-coroutines-reactive:1.10.2=compileClasspath,runtimeClasspath,testCompileClasspath,testRuntimeClasspath
org.jetbrains.kotlinx:kotlinx-coroutines-reactor:1.10.2=compileClasspath,runtimeClasspath,testCompileClasspath,testRuntimeClasspath
org.jetbrains.kotlinx:kotlinx-coroutines-slf4j:1.10.2=runtimeClasspath,testRuntimeClasspath
org.jetbrains.kotlinx:kotlinx-coroutines-test-jvm:1.10.2=testRuntimeClasspath
org.jetbrains.kotlinx:kotlinx-coroutines-test:1.10.2=testRuntimeClasspath
org.jetbrains.kotlinx:kotlinx-datetime-jvm:0.7.1=compileClasspath,runtimeClasspath,testCompileClasspath,testRuntimeClasspath
org.jetbrains.kotlinx:kotlinx-datetime:0.7.1=compileClasspath,runtimeClasspath,testCompileClasspath,testRuntimeClasspath
org.jetbrains.kotlinx:kotlinx-io-bytestring-jvm:0.8.2=runtimeClasspath,testRuntimeClasspath
org.jetbrains.kotlinx:kotlinx-io-bytestring:0.8.2=runtimeClasspath,testRuntimeClasspath
org.jetbrains.kotlinx:kotlinx-io-core-jvm:0.8.2=runtimeClasspath,testRuntimeClasspath
org.jetbrains.kotlinx:kotlinx-io-core:0.8.2=runtimeClasspath,testRuntimeClasspath
org.jetbrains.kotlinx:kotlinx-serialization-bom:1.11.0=compileClasspath,runtimeClasspath,testCompileClasspath,testRuntimeClasspath
org.jetbrains.kotlinx:kotlinx-serialization-core-jvm:1.11.0=compileClasspath,runtimeClasspath,testCompileClasspath,testRuntimeClasspath
org.jetbrains.kotlinx:kotlinx-serialization-core:1.11.0=compileClasspath,runtimeClasspath,testCompileClasspath,testRuntimeClasspath
org.jetbrains.kotlinx:kotlinx-serialization-json-jvm:1.11.0=compileClasspath,runtimeClasspath,testCompileClasspath,testRuntimeClasspath
org.jetbrains.kotlinx:kotlinx-serialization-json:1.11.0=compileClasspath,runtimeClasspath,testCompileClasspath,testRuntimeClasspath
org.jetbrains.kotlinx:kover-jvm-agent:0.9.8=koverJvmAgent,koverJvmReporter
org.jetbrains:annotations:13.0=kotlinBuildToolsApiClasspath,kotlinCompilerClasspath,kotlinCompilerPluginClasspathMain,kotlinCompilerPluginClasspathTest,kotlinInternalAbiValidation,kotlinKlibCommonizerClasspath
org.jetbrains:annotations:23.0.0=compileClasspath,runtimeClasspath,testCompileClasspath,testRuntimeClasspath
org.jooq:jooq-kotlin-coroutines:3.21.1=compileClasspath,runtimeClasspath,testCompileClasspath,testRuntimeClasspath
org.jooq:jooq-kotlin:3.21.1=compileClasspath,runtimeClasspath,testCompileClasspath,testRuntimeClasspath
org.jooq:jooq:3.21.1=compileClasspath,runtimeClasspath,testCompileClasspath,testRuntimeClasspath
org.junit.jupiter:junit-jupiter-api:5.13.4=testCompileClasspath,testRuntimeClasspath
org.junit.jupiter:junit-jupiter-engine:5.13.4=testRuntimeClasspath
org.junit.platform:junit-platform-commons:1.13.4=testCompileClasspath,testRuntimeClasspath
org.junit.platform:junit-platform-engine:1.13.4=testCompileClasspath,testRuntimeClasspath
org.junit.platform:junit-platform-launcher:1.13.4=testCompileClasspath,testRuntimeClasspath
org.junit.platform:junit-platform-suite-api:1.13.4=testCompileClasspath,testRuntimeClasspath
org.junit:junit-bom:5.13.4=testCompileClasspath,testRuntimeClasspath
org.objenesis:objenesis:3.4=testCompileClasspath,testRuntimeClasspath
org.opentest4j:opentest4j:1.3.0=testCompileClasspath,testRuntimeClasspath
org.reactivestreams:reactive-streams:1.0.3=compileClasspath,runtimeClasspath,testCompileClasspath,testRuntimeClasspath
org.slf4j:slf4j-api:2.0.17=compileClasspath,runtimeClasspath,testCompileClasspath,testRuntimeClasspath
tools.jackson.core:jackson-core:3.1.0=runtimeClasspath,testRuntimeClasspath
tools.jackson.core:jackson-databind:3.1.0=runtimeClasspath,testRuntimeClasspath
tools.jackson:jackson-bom:3.1.0=runtimeClasspath,testRuntimeClasspath
empty=annotationProcessor,implementationDependenciesMetadata,kotlinCompilerPluginClasspath,kotlinNativeCompilerPluginClasspath,kotlinScriptDefExtensions,koverExternalArtifacts,koverExternalArtifactsJvm,testAnnotationProcessor,testImplementationDependenciesMetadata,testKotlinScriptDefExtensions
